
Microsoft Visual Studio Solution File, Format Version 11.00
# Visual Studio 2010
Project("{8BC9CEB8-8B4A-11D0-8D11-00A0C91BC942}") = "Facade Pattern", "Facade Pattern\Facade Pattern.vcxproj", "{B0F9101B-D160-48F9-82CF-9017A7F3ABA6}"
EndProject
Global
	GlobalSection(SolutionConfigurationPlatforms) = preSolution
		Debug|Win32 = Debug|Win32
		Release|Win32 = Release|Win32
	EndGlobalSection
	GlobalSection(ProjectConfigurationPlatforms) = postSolution
		{B0F9101B-D160-48F9-82CF-9017A7F3ABA6}.Debug|Win32.ActiveCfg = Debug|Win32
		{B0F9101B-D160-48F9-82CF-9017A7F3ABA6}.Debug|Win32.Build.0 = Debug|Win32
		{B0F9101B-D160-48F9-82CF-9017A7F3ABA6}.Release|Win32.ActiveCfg = Release|Win32
		{B0F9101B-D160-48F9-82CF-9017A7F3ABA6}.Release|Win32.Build.0 = Release|Win32
	EndGlobalSection
	GlobalSection(SolutionProperties) = preSolution
		HideSolutionNode = FALSE
	EndGlobalSection
EndGlobal
