
Microsoft Visual Studio Solution File, Format Version 11.00
# Visual Studio 2010
Project("{8BC9CEB8-8B4A-11D0-8D11-00A0C91BC942}") = "Factory_Method", "Factory_Method\Factory_Method.vcxproj", "{B821EFA3-9F17-4FB8-9952-FF4A2E3C067F}"
EndProject
Global
	GlobalSection(SolutionConfigurationPlatforms) = preSolution
		Debug|Win32 = Debug|Win32
		Release|Win32 = Release|Win32
	EndGlobalSection
	GlobalSection(ProjectConfigurationPlatforms) = postSolution
		{B821EFA3-9F17-4FB8-9952-FF4A2E3C067F}.Debug|Win32.ActiveCfg = Debug|Win32
		{B821EFA3-9F17-4FB8-9952-FF4A2E3C067F}.Debug|Win32.Build.0 = Debug|Win32
		{B821EFA3-9F17-4FB8-9952-FF4A2E3C067F}.Release|Win32.ActiveCfg = Release|Win32
		{B821EFA3-9F17-4FB8-9952-FF4A2E3C067F}.Release|Win32.Build.0 = Release|Win32
	EndGlobalSection
	GlobalSection(SolutionProperties) = preSolution
		HideSolutionNode = FALSE
	EndGlobalSection
EndGlobal
